<?xml version="1.0" encoding="UTF-8" standalone="yes" ?>
<CodeBlocks_project_file>
	<FileVersion major="1" minor="6" />
	<Project>
		<Option title="qastools" />
		<Option makefile_is_custom="1" />
		<Option execution_dir="./" />
		<Option pch_mode="2" />
		<Option compiler="gcc" />
		<Build>
			<Target title="debug">
				<Option type="4" />
				<Option compiler="gcc" />
				<Compiler>
					<Add option="-g" />
				</Compiler>
				<MakeCommands>
					<Build command="$make -f $makefile $target" />
					<CompileFile command="$make -f build/$makefile $file" />
					<Clean command="$make -f build/$makefile clean" />
					<DistClean command="$make -f $makefile distclean$target" />
					<AskRebuildNeeded command="$make -q -f $makefile $target" />
					<SilentBuild command="$make -s -f $makefile $target" />
				</MakeCommands>
			</Target>
			<Target title="release">
				<Option type="4" />
				<Option compiler="gcc" />
				<Compiler>
					<Add option="-O2" />
				</Compiler>
				<Linker>
					<Add option="-s" />
				</Linker>
				<MakeCommands>
					<Build command="$make -f $makefile $target" />
					<CompileFile command="$make -f $makefile $file" />
					<Clean command="$make -f $makefile clean" />
					<DistClean command="$make -f $makefile distclean$target" />
					<AskRebuildNeeded command="$make -q -f $makefile $target" />
					<SilentBuild command="$make -s -f $makefile $target" />
				</MakeCommands>
			</Target>
		</Build>
		<Compiler>
			<Add option="-Wall" />
			<Add directory="/usr/include" />
			<Add directory="/usr/include/QtGui" />
		</Compiler>
		<Linker>
			<Add library="QtCore" />
			<Add library="QtGui" />
			<Add directory="/usr/lib" />
		</Linker>
		<Unit filename="CHANGELOG" />
		<Unit filename="CMakeLists.txt" />
		<Unit filename="COPYING" />
		<Unit filename="Makefile" />
		<Unit filename="README" />
		<Unit filename="TODO" />
		<Unit filename="i18n/CMakeLists.txt" />
		<Unit filename="i18n/app.pro" />
		<Unit filename="qasconfig/CMakeLists.txt" />
		<Unit filename="qasconfig/graphics/CMakeLists.txt" />
		<Unit filename="qasconfig/share/CMakeLists.txt" />
		<Unit filename="qasconfig/share/application.desktop" />
		<Unit filename="qasconfig/share/man/CMakeLists.txt" />
		<Unit filename="qasconfig/share/man/manpage.1.cmake" />
		<Unit filename="qasconfig/src/CMakeLists.txt" />
		<Unit filename="qasconfig/src/desktop_items.cpp" />
		<Unit filename="qasconfig/src/desktop_items.hpp" />
		<Unit filename="qasconfig/src/info_texts.cpp" />
		<Unit filename="qasconfig/src/info_texts.hpp" />
		<Unit filename="qasconfig/src/main.cpp" />
		<Unit filename="qasconfig/src/main_window.cpp" />
		<Unit filename="qasconfig/src/main_window.hpp" />
		<Unit filename="qasconfig/src/qsnd/alsa_config_model.cpp" />
		<Unit filename="qasconfig/src/qsnd/alsa_config_model.hpp" />
		<Unit filename="qasconfig/src/static_tree.cpp" />
		<Unit filename="qasconfig/src/static_tree.hpp" />
		<Unit filename="qasconfig/src/static_tree_model.cpp" />
		<Unit filename="qasconfig/src/static_tree_model.hpp" />
		<Unit filename="qasconfig/src/views/alsa_config_view.cpp" />
		<Unit filename="qasconfig/src/views/alsa_config_view.hpp" />
		<Unit filename="qashctl/CMakeLists.txt" />
		<Unit filename="qashctl/graphics/CMakeLists.txt" />
		<Unit filename="qashctl/share/CMakeLists.txt" />
		<Unit filename="qashctl/share/application.desktop" />
		<Unit filename="qashctl/share/man/CMakeLists.txt" />
		<Unit filename="qashctl/share/man/manpage.1.cmake" />
		<Unit filename="qashctl/src/CMakeLists.txt" />
		<Unit filename="qashctl/src/desktop_items.cpp" />
		<Unit filename="qashctl/src/desktop_items.hpp" />
		<Unit filename="qashctl/src/info_texts.cpp" />
		<Unit filename="qashctl/src/info_texts.hpp" />
		<Unit filename="qashctl/src/main.cpp" />
		<Unit filename="qashctl/src/main_window.cpp" />
		<Unit filename="qashctl/src/main_window.hpp" />
		<Unit filename="qashctl/src/main_window_setup.cpp" />
		<Unit filename="qashctl/src/main_window_setup.hpp" />
		<Unit filename="qashctl/src/mwdg/mixer_hctl.cpp" />
		<Unit filename="qashctl/src/mwdg/mixer_hctl.hpp" />
		<Unit filename="qashctl/src/mwdg/mixer_hctl_edit_bool.cpp" />
		<Unit filename="qashctl/src/mwdg/mixer_hctl_edit_bool.hpp" />
		<Unit filename="qashctl/src/mwdg/mixer_hctl_edit_enum.cpp" />
		<Unit filename="qashctl/src/mwdg/mixer_hctl_edit_enum.hpp" />
		<Unit filename="qashctl/src/mwdg/mixer_hctl_edit_int.cpp" />
		<Unit filename="qashctl/src/mwdg/mixer_hctl_edit_int.hpp" />
		<Unit filename="qashctl/src/mwdg/mixer_hctl_edit_unsupported.cpp" />
		<Unit filename="qashctl/src/mwdg/mixer_hctl_edit_unsupported.hpp" />
		<Unit filename="qashctl/src/mwdg/mixer_hctl_editor.cpp" />
		<Unit filename="qashctl/src/mwdg/mixer_hctl_editor.hpp" />
		<Unit filename="qashctl/src/mwdg/mixer_hctl_editor_data.cpp" />
		<Unit filename="qashctl/src/mwdg/mixer_hctl_editor_data.hpp" />
		<Unit filename="qashctl/src/mwdg/mixer_hctl_int_proxies_group.cpp" />
		<Unit filename="qashctl/src/mwdg/mixer_hctl_int_proxies_group.hpp" />
		<Unit filename="qashctl/src/mwdg/mixer_hctl_int_proxy_column.cpp" />
		<Unit filename="qashctl/src/mwdg/mixer_hctl_int_proxy_column.hpp" />
		<Unit filename="qashctl/src/mwdg/mixer_hctl_int_proxy_slider.cpp" />
		<Unit filename="qashctl/src/mwdg/mixer_hctl_int_proxy_slider.hpp" />
		<Unit filename="qashctl/src/mwdg/mixer_hctl_proxies_group.cpp" />
		<Unit filename="qashctl/src/mwdg/mixer_hctl_proxies_group.hpp" />
		<Unit filename="qashctl/src/mwdg/mixer_hctl_proxy.cpp" />
		<Unit filename="qashctl/src/mwdg/mixer_hctl_proxy.hpp" />
		<Unit filename="qashctl/src/mwdg/mixer_hctl_proxy_enum.cpp" />
		<Unit filename="qashctl/src/mwdg/mixer_hctl_proxy_enum.hpp" />
		<Unit filename="qashctl/src/mwdg/mixer_hctl_proxy_switch.cpp" />
		<Unit filename="qashctl/src/mwdg/mixer_hctl_proxy_switch.hpp" />
		<Unit filename="qashctl/src/mwdg/mixer_hctl_slider_status_widget.cpp" />
		<Unit filename="qashctl/src/mwdg/mixer_hctl_slider_status_widget.hpp" />
		<Unit filename="qashctl/src/mwdg/mixer_hctl_table_model.cpp" />
		<Unit filename="qashctl/src/mwdg/mixer_hctl_table_model.hpp" />
		<Unit filename="qashctl/src/mwdg/mixer_hctl_tree_model.cpp" />
		<Unit filename="qashctl/src/mwdg/mixer_hctl_tree_model.hpp" />
		<Unit filename="qashctl/src/views/mixer_hctl.cpp" />
		<Unit filename="qashctl/src/views/mixer_hctl.hpp" />
		<Unit filename="qashctl/src/views/mixer_hctl_setup.cpp" />
		<Unit filename="qashctl/src/views/mixer_hctl_setup.hpp" />
		<Unit filename="qasmixer/CMakeLists.txt" />
		<Unit filename="qasmixer/graphics/CMakeLists.txt" />
		<Unit filename="qasmixer/share/CMakeLists.txt" />
		<Unit filename="qasmixer/share/application.desktop" />
		<Unit filename="qasmixer/share/man/CMakeLists.txt" />
		<Unit filename="qasmixer/share/man/manpage.1.cmake" />
		<Unit filename="qasmixer/src/CMakeLists.txt" />
		<Unit filename="qasmixer/src/cmd_options.cpp" />
		<Unit filename="qasmixer/src/cmd_options.hpp" />
		<Unit filename="qasmixer/src/desktop_items.cpp" />
		<Unit filename="qasmixer/src/desktop_items.hpp" />
		<Unit filename="qasmixer/src/desktop_items_setup.cpp" />
		<Unit filename="qasmixer/src/desktop_items_setup.hpp" />
		<Unit filename="qasmixer/src/info_texts.cpp" />
		<Unit filename="qasmixer/src/info_texts.hpp" />
		<Unit filename="qasmixer/src/init_globals.cpp" />
		<Unit filename="qasmixer/src/init_globals.hpp" />
		<Unit filename="qasmixer/src/main.cpp" />
		<Unit filename="qasmixer/src/main_window.cpp" />
		<Unit filename="qasmixer/src/main_window.hpp" />
		<Unit filename="qasmixer/src/main_window_setup.cpp" />
		<Unit filename="qasmixer/src/main_window_setup.hpp" />
		<Unit filename="qasmixer/src/mwdg/mixer_gui_state.cpp" />
		<Unit filename="qasmixer/src/mwdg/mixer_gui_state.hpp" />
		<Unit filename="qasmixer/src/mwdg/mixer_separation_info.cpp" />
		<Unit filename="qasmixer/src/mwdg/mixer_separation_info.hpp" />
		<Unit filename="qasmixer/src/mwdg/mixer_simple_setup.cpp" />
		<Unit filename="qasmixer/src/mwdg/mixer_simple_setup.hpp" />
		<Unit filename="qasmixer/src/mwdg/mixer_sliders.cpp" />
		<Unit filename="qasmixer/src/mwdg/mixer_sliders.hpp" />
		<Unit filename="qasmixer/src/mwdg/mixer_sliders_proxies_column.cpp" />
		<Unit filename="qasmixer/src/mwdg/mixer_sliders_proxies_column.hpp" />
		<Unit filename="qasmixer/src/mwdg/mixer_sliders_proxies_group.cpp" />
		<Unit filename="qasmixer/src/mwdg/mixer_sliders_proxies_group.hpp" />
		<Unit filename="qasmixer/src/mwdg/mixer_sliders_proxy_slider.cpp" />
		<Unit filename="qasmixer/src/mwdg/mixer_sliders_proxy_slider.hpp" />
		<Unit filename="qasmixer/src/mwdg/mixer_sliders_proxy_switch.cpp" />
		<Unit filename="qasmixer/src/mwdg/mixer_sliders_proxy_switch.hpp" />
		<Unit filename="qasmixer/src/mwdg/mixer_sliders_status_widget.cpp" />
		<Unit filename="qasmixer/src/mwdg/mixer_sliders_status_widget.hpp" />
		<Unit filename="qasmixer/src/mwdg/mixer_switches.cpp" />
		<Unit filename="qasmixer/src/mwdg/mixer_switches.hpp" />
		<Unit filename="qasmixer/src/mwdg/mixer_switches_proxies_group.cpp" />
		<Unit filename="qasmixer/src/mwdg/mixer_switches_proxies_group.hpp" />
		<Unit filename="qasmixer/src/mwdg/mixer_switches_proxy_enum.cpp" />
		<Unit filename="qasmixer/src/mwdg/mixer_switches_proxy_enum.hpp" />
		<Unit filename="qasmixer/src/mwdg/mixer_switches_proxy_switch.cpp" />
		<Unit filename="qasmixer/src/mwdg/mixer_switches_proxy_switch.hpp" />
		<Unit filename="qasmixer/src/tray_mixer.cpp" />
		<Unit filename="qasmixer/src/tray_mixer.hpp" />
		<Unit filename="qasmixer/src/tray_mixer_balloon.cpp" />
		<Unit filename="qasmixer/src/tray_mixer_balloon.hpp" />
		<Unit filename="qasmixer/src/tray_mixer_icon.cpp" />
		<Unit filename="qasmixer/src/tray_mixer_icon.hpp" />
		<Unit filename="qasmixer/src/tray_mixer_mdev_setup.cpp" />
		<Unit filename="qasmixer/src/tray_mixer_mdev_setup.hpp" />
		<Unit filename="qasmixer/src/tray_mixer_view_setup.cpp" />
		<Unit filename="qasmixer/src/tray_mixer_view_setup.hpp" />
		<Unit filename="qasmixer/src/views/mixer_simple.cpp" />
		<Unit filename="qasmixer/src/views/mixer_simple.hpp" />
		<Unit filename="qasmixer/src/views/mixer_simple_setup.cpp" />
		<Unit filename="qasmixer/src/views/mixer_simple_setup.hpp" />
		<Unit filename="qasmixer/src/views/settings_dialog.cpp" />
		<Unit filename="qasmixer/src/views/settings_dialog.hpp" />
		<Unit filename="qasmixer/src/views/settings_dialog_setup.cpp" />
		<Unit filename="qasmixer/src/views/settings_dialog_setup.hpp" />
		<Unit filename="scripts/create_pro_file.py" />
		<Unit filename="scripts/fix_header.py" />
		<Unit filename="scripts/render_png.sh" />
		<Unit filename="shared/CMakeLists.txt" />
		<Unit filename="shared/graphics/CMakeLists.txt" />
		<Unit filename="shared/src/dpe/image.cpp" />
		<Unit filename="shared/src/dpe/image.hpp" />
		<Unit filename="shared/src/dpe/image_allocator.cpp" />
		<Unit filename="shared/src/dpe/image_allocator.hpp" />
		<Unit filename="shared/src/dpe/image_request.cpp" />
		<Unit filename="shared/src/dpe/image_request.hpp" />
		<Unit filename="shared/src/dpe/image_set.cpp" />
		<Unit filename="shared/src/dpe/image_set.hpp" />
		<Unit filename="shared/src/dpe/image_set_group.cpp" />
		<Unit filename="shared/src/dpe/image_set_group.hpp" />
		<Unit filename="shared/src/dpe/image_set_meta.cpp" />
		<Unit filename="shared/src/dpe/image_set_meta.hpp" />
		<Unit filename="shared/src/dpe/image_set_state.cpp" />
		<Unit filename="shared/src/dpe/image_set_state.hpp" />
		<Unit filename="shared/src/dpe/is_buffer.cpp" />
		<Unit filename="shared/src/dpe/is_buffer.hpp" />
		<Unit filename="shared/src/dpe/is_buffer_handle.cpp" />
		<Unit filename="shared/src/dpe/is_buffer_handle.hpp" />
		<Unit filename="shared/src/dpe/paint_job.cpp" />
		<Unit filename="shared/src/dpe/paint_job.hpp" />
		<Unit filename="shared/src/dpe/painter.cpp" />
		<Unit filename="shared/src/dpe/painter.hpp" />
		<Unit filename="shared/src/dpe/painter_simple.cpp" />
		<Unit filename="shared/src/dpe/painter_simple.hpp" />
		<Unit filename="shared/src/dpe/painter_thread.cpp" />
		<Unit filename="shared/src/dpe/painter_thread.hpp" />
		<Unit filename="shared/src/dpe/painter_thread_shared.cpp" />
		<Unit filename="shared/src/dpe/painter_thread_shared.hpp" />
		<Unit filename="shared/src/license_texts.cpp" />
		<Unit filename="shared/src/license_texts.hpp" />
		<Unit filename="shared/src/mwdg/controls_delegate.cpp" />
		<Unit filename="shared/src/mwdg/controls_delegate.hpp" />
		<Unit filename="shared/src/mwdg/controls_view.cpp" />
		<Unit filename="shared/src/mwdg/controls_view.hpp" />
		<Unit filename="shared/src/mwdg/ctl_arg_view.cpp" />
		<Unit filename="shared/src/mwdg/ctl_arg_view.hpp" />
		<Unit filename="shared/src/mwdg/ctl_arg_view_card.cpp" />
		<Unit filename="shared/src/mwdg/ctl_arg_view_card.hpp" />
		<Unit filename="shared/src/mwdg/ctl_arg_view_integer.cpp" />
		<Unit filename="shared/src/mwdg/ctl_arg_view_integer.hpp" />
		<Unit filename="shared/src/mwdg/ctl_arg_view_string.cpp" />
		<Unit filename="shared/src/mwdg/ctl_arg_view_string.hpp" />
		<Unit filename="shared/src/mwdg/event_types.cpp" />
		<Unit filename="shared/src/mwdg/event_types.hpp" />
		<Unit filename="shared/src/mwdg/inputs_setup.cpp" />
		<Unit filename="shared/src/mwdg/inputs_setup.hpp" />
		<Unit filename="shared/src/mwdg/mixer_device_setup.cpp" />
		<Unit filename="shared/src/mwdg/mixer_device_setup.hpp" />
		<Unit filename="shared/src/mwdg/mixer_style.cpp" />
		<Unit filename="shared/src/mwdg/mixer_style.hpp" />
		<Unit filename="shared/src/mwdg/slider_status_widget.cpp" />
		<Unit filename="shared/src/mwdg/slider_status_widget.hpp" />
		<Unit filename="shared/src/qastools_config.hpp.cmake" />
		<Unit filename="shared/src/qsnd/alsa.cpp" />
		<Unit filename="shared/src/qsnd/alsa.hpp" />
		<Unit filename="shared/src/qsnd/alsa_config_watcher.cpp" />
		<Unit filename="shared/src/qsnd/alsa_config_watcher.hpp" />
		<Unit filename="shared/src/qsnd/alsa_i18n.hpp" />
		<Unit filename="shared/src/qsnd/card_info.cpp" />
		<Unit filename="shared/src/qsnd/card_info.hpp" />
		<Unit filename="shared/src/qsnd/cards_model.cpp" />
		<Unit filename="shared/src/qsnd/cards_model.hpp" />
		<Unit filename="shared/src/qsnd/controls_db.cpp" />
		<Unit filename="shared/src/qsnd/controls_db.hpp" />
		<Unit filename="shared/src/qsnd/controls_model.cpp" />
		<Unit filename="shared/src/qsnd/controls_model.hpp" />
		<Unit filename="shared/src/qsnd/ctl_address.cpp" />
		<Unit filename="shared/src/qsnd/ctl_address.hpp" />
		<Unit filename="shared/src/qsnd/ctl_address_arg.cpp" />
		<Unit filename="shared/src/qsnd/ctl_address_arg.hpp" />
		<Unit filename="shared/src/qsnd/ctl_def.cpp" />
		<Unit filename="shared/src/qsnd/ctl_def.hpp" />
		<Unit filename="shared/src/qsnd/ctl_def_arg.cpp" />
		<Unit filename="shared/src/qsnd/ctl_def_arg.hpp" />
		<Unit filename="shared/src/qsnd/event_types.cpp" />
		<Unit filename="shared/src/qsnd/event_types.hpp" />
		<Unit filename="shared/src/qsnd/mixer_hctl.cpp" />
		<Unit filename="shared/src/qsnd/mixer_hctl.hpp" />
		<Unit filename="shared/src/qsnd/mixer_hctl_elem.cpp" />
		<Unit filename="shared/src/qsnd/mixer_hctl_elem.hpp" />
		<Unit filename="shared/src/qsnd/mixer_hctl_elem_group.cpp" />
		<Unit filename="shared/src/qsnd/mixer_hctl_elem_group.hpp" />
		<Unit filename="shared/src/qsnd/mixer_hctl_info_db.cpp" />
		<Unit filename="shared/src/qsnd/mixer_hctl_info_db.hpp" />
		<Unit filename="shared/src/qsnd/mixer_simple.cpp" />
		<Unit filename="shared/src/qsnd/mixer_simple.hpp" />
		<Unit filename="shared/src/qsnd/mixer_simple_elem.cpp" />
		<Unit filename="shared/src/qsnd/mixer_simple_elem.hpp" />
		<Unit filename="shared/src/qsnd/mixer_simple_filter.cpp" />
		<Unit filename="shared/src/qsnd/mixer_simple_filter.hpp" />
		<Unit filename="shared/src/qsnd/mixer_simple_filter_name.cpp" />
		<Unit filename="shared/src/qsnd/mixer_simple_filter_name.hpp" />
		<Unit filename="shared/src/qsnd/model_keys.hpp" />
		<Unit filename="shared/src/qsnd/pcm_device_info.cpp" />
		<Unit filename="shared/src/qsnd/pcm_device_info.hpp" />
		<Unit filename="shared/src/qsnd/pcm_subdevice_info.cpp" />
		<Unit filename="shared/src/qsnd/pcm_subdevice_info.hpp" />
		<Unit filename="shared/src/qsnd/pcm_subdevices_info.cpp" />
		<Unit filename="shared/src/qsnd/pcm_subdevices_info.hpp" />
		<Unit filename="shared/src/qsnd2/alsa_smi.cpp" />
		<Unit filename="shared/src/qsnd2/alsa_smi.hpp" />
		<Unit filename="shared/src/qsnd2/controls.cpp" />
		<Unit filename="shared/src/qsnd2/controls.hpp" />
		<Unit filename="shared/src/qsnd2/controls_proxies.cpp" />
		<Unit filename="shared/src/qsnd2/controls_proxies.hpp" />
		<Unit filename="shared/src/qsnd2/controls_watcher.cpp" />
		<Unit filename="shared/src/qsnd2/controls_watcher.hpp" />
		<Unit filename="shared/src/single_application.cpp" />
		<Unit filename="shared/src/single_application.hpp" />
		<Unit filename="shared/src/unix_signal_handler.cpp" />
		<Unit filename="shared/src/unix_signal_handler.hpp" />
		<Unit filename="shared/src/views/basic_dialog.cpp" />
		<Unit filename="shared/src/views/basic_dialog.hpp" />
		<Unit filename="shared/src/views/dev_select_view.cpp" />
		<Unit filename="shared/src/views/dev_select_view.hpp" />
		<Unit filename="shared/src/views/dev_select_view_setup.cpp" />
		<Unit filename="shared/src/views/dev_select_view_setup.hpp" />
		<Unit filename="shared/src/views/info_dialog.cpp" />
		<Unit filename="shared/src/views/info_dialog.hpp" />
		<Unit filename="shared/src/views/message_widget.cpp" />
		<Unit filename="shared/src/views/message_widget.hpp" />
		<Unit filename="shared/src/views/multi_page_dialog.cpp" />
		<Unit filename="shared/src/views/multi_page_dialog.hpp" />
		<Unit filename="shared/src/views/view_base.cpp" />
		<Unit filename="shared/src/views/view_base.hpp" />
		<Unit filename="shared/src/views/view_base_setup.cpp" />
		<Unit filename="shared/src/views/view_base_setup.hpp" />
		<Unit filename="shared/src/views/view_utility.cpp" />
		<Unit filename="shared/src/views/view_utility.hpp" />
		<Unit filename="shared/src/wdg/balloon_widget.cpp" />
		<Unit filename="shared/src/wdg/balloon_widget.hpp" />
		<Unit filename="shared/src/wdg/color_methods.cpp" />
		<Unit filename="shared/src/wdg/color_methods.hpp" />
		<Unit filename="shared/src/wdg/cubic_curve.cpp" />
		<Unit filename="shared/src/wdg/cubic_curve.hpp" />
		<Unit filename="shared/src/wdg/ds_imaging.cpp" />
		<Unit filename="shared/src/wdg/ds_imaging.hpp" />
		<Unit filename="shared/src/wdg/ds_slider.cpp" />
		<Unit filename="shared/src/wdg/ds_slider.hpp" />
		<Unit filename="shared/src/wdg/ds_slider_meta_bg.cpp" />
		<Unit filename="shared/src/wdg/ds_slider_meta_bg.hpp" />
		<Unit filename="shared/src/wdg/ds_slider_painter_bevelled.cpp" />
		<Unit filename="shared/src/wdg/ds_slider_painter_bevelled.hpp" />
		<Unit filename="shared/src/wdg/ds_slider_test.cpp" />
		<Unit filename="shared/src/wdg/ds_slider_test.hpp" />
		<Unit filename="shared/src/wdg/ds_slider_test_dialog.cpp" />
		<Unit filename="shared/src/wdg/ds_slider_test_dialog.hpp" />
		<Unit filename="shared/src/wdg/ds_switch.cpp" />
		<Unit filename="shared/src/wdg/ds_switch.hpp" />
		<Unit filename="shared/src/wdg/ds_switch_painter_circle.cpp" />
		<Unit filename="shared/src/wdg/ds_switch_painter_circle.hpp" />
		<Unit filename="shared/src/wdg/ds_switch_painter_close.cpp" />
		<Unit filename="shared/src/wdg/ds_switch_painter_close.hpp" />
		<Unit filename="shared/src/wdg/ds_switch_painter_svg.cpp" />
		<Unit filename="shared/src/wdg/ds_switch_painter_svg.hpp" />
		<Unit filename="shared/src/wdg/ds_widget_painter.cpp" />
		<Unit filename="shared/src/wdg/ds_widget_painter.hpp" />
		<Unit filename="shared/src/wdg/ds_widget_style_db.cpp" />
		<Unit filename="shared/src/wdg/ds_widget_style_db.hpp" />
		<Unit filename="shared/src/wdg/ds_widget_types.hpp" />
		<Unit filename="shared/src/wdg/equal_columns_layout.cpp" />
		<Unit filename="shared/src/wdg/equal_columns_layout.hpp" />
		<Unit filename="shared/src/wdg/equal_columns_layout_group.cpp" />
		<Unit filename="shared/src/wdg/equal_columns_layout_group.hpp" />
		<Unit filename="shared/src/wdg/event_types.cpp" />
		<Unit filename="shared/src/wdg/event_types.hpp" />
		<Unit filename="shared/src/wdg/fill_columns_layout.cpp" />
		<Unit filename="shared/src/wdg/fill_columns_layout.hpp" />
		<Unit filename="shared/src/wdg/label_elide.cpp" />
		<Unit filename="shared/src/wdg/label_elide.hpp" />
		<Unit filename="shared/src/wdg/label_width.cpp" />
		<Unit filename="shared/src/wdg/label_width.hpp" />
		<Unit filename="shared/src/wdg/layout_weights.cpp" />
		<Unit filename="shared/src/wdg/layout_weights.hpp" />
		<Unit filename="shared/src/wdg/pad_focus_info.cpp" />
		<Unit filename="shared/src/wdg/pad_focus_info.hpp" />
		<Unit filename="shared/src/wdg/pad_proxies_column.cpp" />
		<Unit filename="shared/src/wdg/pad_proxies_column.hpp" />
		<Unit filename="shared/src/wdg/pad_proxies_group.cpp" />
		<Unit filename="shared/src/wdg/pad_proxies_group.hpp" />
		<Unit filename="shared/src/wdg/pad_proxy.cpp" />
		<Unit filename="shared/src/wdg/pad_proxy.hpp" />
		<Unit filename="shared/src/wdg/pad_proxy_enum.cpp" />
		<Unit filename="shared/src/wdg/pad_proxy_enum.hpp" />
		<Unit filename="shared/src/wdg/pad_proxy_slider.cpp" />
		<Unit filename="shared/src/wdg/pad_proxy_slider.hpp" />
		<Unit filename="shared/src/wdg/pad_proxy_style.cpp" />
		<Unit filename="shared/src/wdg/pad_proxy_style.hpp" />
		<Unit filename="shared/src/wdg/pad_proxy_switch.cpp" />
		<Unit filename="shared/src/wdg/pad_proxy_switch.hpp" />
		<Unit filename="shared/src/wdg/pass_events.cpp" />
		<Unit filename="shared/src/wdg/pass_events.hpp" />
		<Unit filename="shared/src/wdg/scroll_area_horizontal.cpp" />
		<Unit filename="shared/src/wdg/scroll_area_horizontal.hpp" />
		<Unit filename="shared/src/wdg/scroll_area_vertical.cpp" />
		<Unit filename="shared/src/wdg/scroll_area_vertical.hpp" />
		<Unit filename="shared/src/wdg/sliders_pad.cpp" />
		<Unit filename="shared/src/wdg/sliders_pad.hpp" />
		<Unit filename="shared/src/wdg/sliders_pad_data.cpp" />
		<Unit filename="shared/src/wdg/sliders_pad_data.hpp" />
		<Unit filename="shared/src/wdg/sliders_pad_footer.cpp" />
		<Unit filename="shared/src/wdg/sliders_pad_footer.hpp" />
		<Unit filename="shared/src/wdg/sliders_pad_header.cpp" />
		<Unit filename="shared/src/wdg/sliders_pad_header.hpp" />
		<Unit filename="shared/src/wdg/sliders_pad_header_data.cpp" />
		<Unit filename="shared/src/wdg/sliders_pad_header_data.hpp" />
		<Unit filename="shared/src/wdg/sliders_pad_layout.cpp" />
		<Unit filename="shared/src/wdg/sliders_pad_layout.hpp" />
		<Unit filename="shared/src/wdg/sliders_pad_style.cpp" />
		<Unit filename="shared/src/wdg/sliders_pad_style.hpp" />
		<Unit filename="shared/src/wdg/switches_area.cpp" />
		<Unit filename="shared/src/wdg/switches_area.hpp" />
		<Unit filename="shared/src/wdg/switches_pad.cpp" />
		<Unit filename="shared/src/wdg/switches_pad.hpp" />
		<Unit filename="shared/src/wdg/switches_pad_widgets.cpp" />
		<Unit filename="shared/src/wdg/switches_pad_widgets.hpp" />
		<Unit filename="shared/src/wdg/switches_pad_widgets_group.cpp" />
		<Unit filename="shared/src/wdg/switches_pad_widgets_group.hpp" />
		<Unit filename="shared/src/wdg/text_browser.cpp" />
		<Unit filename="shared/src/wdg/text_browser.hpp" />
		<Unit filename="shared/src/wdg/tree_view_kv.cpp" />
		<Unit filename="shared/src/wdg/tree_view_kv.hpp" />
		<Unit filename="shared/src/wdg/uint_mapper.cpp" />
		<Unit filename="shared/src/wdg/uint_mapper.hpp" />
		<Unit filename="shared/src/wdg2/gw_groups.cpp" />
		<Unit filename="shared/src/wdg2/gw_groups.hpp" />
		<Unit filename="shared/src/wdg2/gw_levels.cpp" />
		<Unit filename="shared/src/wdg2/gw_levels.hpp" />
		<Unit filename="shared/src/wdg2/gw_slider.cpp" />
		<Unit filename="shared/src/wdg2/gw_slider.hpp" />
		<Unit filename="shared/src/wdg2/gw_switches.cpp" />
		<Unit filename="shared/src/wdg2/gw_switches.hpp" />
		<Unit filename="shared/src/wdg2/int_math.cpp" />
		<Unit filename="shared/src/wdg2/int_math.hpp" />
		<Unit filename="shared/src/wdg2/slider_value_map.cpp" />
		<Unit filename="shared/src/wdg2/slider_value_map.hpp" />
		<Unit filename="shared/src/wdg2/sliders_pad.cpp" />
		<Unit filename="shared/src/wdg2/sliders_pad.hpp" />
		<Extensions>
			<code_completion />
			<debugger />
		</Extensions>
	</Project>
</CodeBlocks_project_file>
